
Microsoft Visual Studio Solution File, Format Version 12.00
# Visual Studio Version 16
VisualStudioVersion = 16.0.31911.196
MinimumVisualStudioVersion = 10.0.40219.1
Project("{FAE04EC0-301F-11D3-BF4B-00C04F79EFBC}") = "MeralcoSubmeter", "MeralcoSubmeter\MeralcoSubmeter.csproj", "{78907AD1-10BA-43AB-9484-D83432E891F2}"
EndProject
Global
	GlobalSection(SolutionConfigurationPlatforms) = preSolution
		Debug|Any CPU = Debug|Any CPU
		Release|Any CPU = Release|Any CPU
	EndGlobalSection
	GlobalSection(ProjectConfigurationPlatforms) = postSolution
		{78907AD1-10BA-43AB-9484-D83432E891F2}.Debug|Any CPU.ActiveCfg = Debug|Any CPU
		{78907AD1-10BA-43AB-9484-D83432E891F2}.Debug|Any CPU.Build.0 = Debug|Any CPU
		{78907AD1-10BA-43AB-9484-D83432E891F2}.Release|Any CPU.ActiveCfg = Release|Any CPU
		{78907AD1-10BA-43AB-9484-D83432E891F2}.Release|Any CPU.Build.0 = Release|Any CPU
	EndGlobalSection
	GlobalSection(SolutionProperties) = preSolution
		HideSolutionNode = FALSE
	EndGlobalSection
	GlobalSection(ExtensibilityGlobals) = postSolution
		SolutionGuid = {AD6498D4-9D4B-497C-92D9-B505FB5F95BB}
	EndGlobalSection
EndGlobal
